
Microsoft Visual Studio Solution File, Format Version 12.00
# Visual Studio Version 16
VisualStudioVersion = 16.0.30611.23
MinimumVisualStudioVersion = 10.0.40219.1
Project("{2150E333-8FDC-42A3-9474-1A3956D46DE8}") = "Core", "Core", "{102A02C7-D91D-47AE-B295-0559197F163B}"
EndProject
Project("{2150E333-8FDC-42A3-9474-1A3956D46DE8}") = "WebAPI", "WebAPI", "{DD8F513D-B045-4A37-9805-3B2215ACBF17}"
EndProject
Project("{2150E333-8FDC-42A3-9474-1A3956D46DE8}") = "Orchestrator", "Orchestrator", "{EED825CA-ABD7-4A3D-8773-D4E63A1AE28B}"
EndProject
Project("{2150E333-8FDC-42A3-9474-1A3956D46DE8}") = "Infrastructure", "Infrastructure", "{E83D2955-A6B9-4885-AA3A-583E05551BBE}"
EndProject
Project("{FAE04EC0-301F-11D3-BF4B-00C04F79EFBC}") = "Infrastructure.Persistence", "Infrastructure.Persistence\Infrastructure.Persistence.csproj", "{D4438D04-B769-481E-8132-EDA4E1F81D5C}"
EndProject
Project("{FAE04EC0-301F-11D3-BF4B-00C04F79EFBC}") = "Workflow.Engine.Orchestrator", "Workflow.Engine.Orchestrator\Workflow.Engine.Orchestrator.csproj", "{62F5C3E2-C096-413E-AB3F-DE245ACD4D33}"
EndProject
Project("{FAE04EC0-301F-11D3-BF4B-00C04F79EFBC}") = "Workflow.Engine.API", "Workflow.Engine.API\Workflow.Engine.API.csproj", "{79C33626-13AC-4513-8D45-AB48A81BFEDC}"
EndProject
Project("{FAE04EC0-301F-11D3-BF4B-00C04F79EFBC}") = "Workflow.Engine.Core", "Workflow.Engine.Core\Workflow.Engine.Core.csproj", "{A2F89838-6056-4E9E-BCD0-A3DAAD13D8D3}"
EndProject
Project("{FAE04EC0-301F-11D3-BF4B-00C04F79EFBC}") = "Workflow.Engine.Application", "Workflow.Engine.Application\Workflow.Engine.Application.csproj", "{77F42C18-A861-4DF2-94D8-62109BF06F23}"
EndProject
Project("{2150E333-8FDC-42A3-9474-1A3956D46DE8}") = "Scheduler", "Scheduler", "{2ACFB56C-6B3A-4796-894C-835094FFB8F7}"
EndProject
Project("{FAE04EC0-301F-11D3-BF4B-00C04F79EFBC}") = "Workflow.Engine.Scheduler", "Workflow.Engine.Scheduler\Workflow.Engine.Scheduler.csproj", "{DEB345C3-41DD-465A-A966-97ED5D69B129}"
EndProject
Global
	GlobalSection(SolutionConfigurationPlatforms) = preSolution
		Debug|Any CPU = Debug|Any CPU
		Release|Any CPU = Release|Any CPU
	EndGlobalSection
	GlobalSection(ProjectConfigurationPlatforms) = postSolution
		{D4438D04-B769-481E-8132-EDA4E1F81D5C}.Debug|Any CPU.ActiveCfg = Debug|Any CPU
		{D4438D04-B769-481E-8132-EDA4E1F81D5C}.Debug|Any CPU.Build.0 = Debug|Any CPU
		{D4438D04-B769-481E-8132-EDA4E1F81D5C}.Release|Any CPU.ActiveCfg = Release|Any CPU
		{D4438D04-B769-481E-8132-EDA4E1F81D5C}.Release|Any CPU.Build.0 = Release|Any CPU
		{62F5C3E2-C096-413E-AB3F-DE245ACD4D33}.Debug|Any CPU.ActiveCfg = Debug|Any CPU
		{62F5C3E2-C096-413E-AB3F-DE245ACD4D33}.Debug|Any CPU.Build.0 = Debug|Any CPU
		{62F5C3E2-C096-413E-AB3F-DE245ACD4D33}.Release|Any CPU.ActiveCfg = Release|Any CPU
		{62F5C3E2-C096-413E-AB3F-DE245ACD4D33}.Release|Any CPU.Build.0 = Release|Any CPU
		{79C33626-13AC-4513-8D45-AB48A81BFEDC}.Debug|Any CPU.ActiveCfg = Debug|Any CPU
		{79C33626-13AC-4513-8D45-AB48A81BFEDC}.Debug|Any CPU.Build.0 = Debug|Any CPU
		{79C33626-13AC-4513-8D45-AB48A81BFEDC}.Release|Any CPU.ActiveCfg = Release|Any CPU
		{79C33626-13AC-4513-8D45-AB48A81BFEDC}.Release|Any CPU.Build.0 = Release|Any CPU
		{A2F89838-6056-4E9E-BCD0-A3DAAD13D8D3}.Debug|Any CPU.ActiveCfg = Debug|Any CPU
		{A2F89838-6056-4E9E-BCD0-A3DAAD13D8D3}.Debug|Any CPU.Build.0 = Debug|Any CPU
		{A2F89838-6056-4E9E-BCD0-A3DAAD13D8D3}.Release|Any CPU.ActiveCfg = Release|Any CPU
		{A2F89838-6056-4E9E-BCD0-A3DAAD13D8D3}.Release|Any CPU.Build.0 = Release|Any CPU
		{77F42C18-A861-4DF2-94D8-62109BF06F23}.Debug|Any CPU.ActiveCfg = Debug|Any CPU
		{77F42C18-A861-4DF2-94D8-62109BF06F23}.Debug|Any CPU.Build.0 = Debug|Any CPU
		{77F42C18-A861-4DF2-94D8-62109BF06F23}.Release|Any CPU.ActiveCfg = Release|Any CPU
		{77F42C18-A861-4DF2-94D8-62109BF06F23}.Release|Any CPU.Build.0 = Release|Any CPU
		{DEB345C3-41DD-465A-A966-97ED5D69B129}.Debug|Any CPU.ActiveCfg = Debug|Any CPU
		{DEB345C3-41DD-465A-A966-97ED5D69B129}.Debug|Any CPU.Build.0 = Debug|Any CPU
		{DEB345C3-41DD-465A-A966-97ED5D69B129}.Release|Any CPU.ActiveCfg = Release|Any CPU
		{DEB345C3-41DD-465A-A966-97ED5D69B129}.Release|Any CPU.Build.0 = Release|Any CPU
	EndGlobalSection
	GlobalSection(SolutionProperties) = preSolution
		HideSolutionNode = FALSE
	EndGlobalSection
	GlobalSection(NestedProjects) = preSolution
		{D4438D04-B769-481E-8132-EDA4E1F81D5C} = {E83D2955-A6B9-4885-AA3A-583E05551BBE}
		{62F5C3E2-C096-413E-AB3F-DE245ACD4D33} = {EED825CA-ABD7-4A3D-8773-D4E63A1AE28B}
		{79C33626-13AC-4513-8D45-AB48A81BFEDC} = {DD8F513D-B045-4A37-9805-3B2215ACBF17}
		{A2F89838-6056-4E9E-BCD0-A3DAAD13D8D3} = {102A02C7-D91D-47AE-B295-0559197F163B}
		{77F42C18-A861-4DF2-94D8-62109BF06F23} = {102A02C7-D91D-47AE-B295-0559197F163B}
		{DEB345C3-41DD-465A-A966-97ED5D69B129} = {2ACFB56C-6B3A-4796-894C-835094FFB8F7}
	EndGlobalSection
	GlobalSection(ExtensibilityGlobals) = postSolution
		SolutionGuid = {2B636D4D-8CE5-4E93-8491-0F171241BF8B}
	EndGlobalSection
EndGlobal
